
Microsoft Visual Studio Solution File, Format Version 12.00
# Visual Studio 15
VisualStudioVersion = 15.0.28010.2041
MinimumVisualStudioVersion = 10.0.40219.1
Project("{FAE04EC0-301F-11D3-BF4B-00C04F79EFBC}") = "ExportExcelToPDFUsingCSharp", "ExportExcelToPDFUsingCSharp\ExportExcelToPDFUsingCSharp.csproj", "{26D71426-6CA9-496E-86C6-975B43C5619A}"
EndProject
Global
	GlobalSection(SolutionConfigurationPlatforms) = preSolution
		Debug|Any CPU = Debug|Any CPU
		Release|Any CPU = Release|Any CPU
	EndGlobalSection
	GlobalSection(ProjectConfigurationPlatforms) = postSolution
		{26D71426-6CA9-496E-86C6-975B43C5619A}.Debug|Any CPU.ActiveCfg = Debug|Any CPU
		{26D71426-6CA9-496E-86C6-975B43C5619A}.Debug|Any CPU.Build.0 = Debug|Any CPU
		{26D71426-6CA9-496E-86C6-975B43C5619A}.Release|Any CPU.ActiveCfg = Release|Any CPU
		{26D71426-6CA9-496E-86C6-975B43C5619A}.Release|Any CPU.Build.0 = Release|Any CPU
	EndGlobalSection
	GlobalSection(SolutionProperties) = preSolution
		HideSolutionNode = FALSE
	EndGlobalSection
	GlobalSection(ExtensibilityGlobals) = postSolution
		SolutionGuid = {AA150736-9197-44D5-95F3-0743F73D592D}
	EndGlobalSection
EndGlobal
